{
  "version": 4,
  "terraform_version": "0.12.8",
  "serial": 39,
  "lineage": "efc68c73-aad6-1141-361a-7518a8a27f98",
  "outputs": {
    "external_ip_address_k8s_nodes": {
      "value": [
        "130.193.51.161",
        "158.160.45.36"
      ],
      "type": [
        "tuple",
        [
          "string",
          "string"
        ]
      ]
    }
  },
  "resources": [
    {
      "module": "module.k8s_nodes",
      "mode": "managed",
      "type": "yandex_compute_instance",
      "name": "node",
      "each": "list",
      "provider": "provider.yandex",
      "instances": [
        {
          "index_key": 0,
          "schema_version": 1,
          "attributes": {
            "allow_stopping_for_update": null,
            "boot_disk": [
              {
                "auto_delete": true,
                "device_name": "fhmpq4fb4t20821v69sf",
                "disk_id": "fhmpq4fb4t20821v69sf",
                "initialize_params": [
                  {
                    "description": "",
                    "image_id": "fd8snjpoq85qqv0mk9gi",
                    "name": "",
                    "size": 40,
                    "snapshot_id": "",
                    "type": "network-hdd"
                  }
                ],
                "mode": "READ_WRITE"
              }
            ],
            "created_at": "2023-02-24T11:01:46Z",
            "description": "",
            "folder_id": "b1g2j6tcaa0u154vu54d",
            "fqdn": "fhmprkhpqgep0o94640t.auto.internal",
            "hostname": "fhmprkhpqgep0o94640t",
            "id": "fhmprkhpqgep0o94640t",
            "labels": null,
            "metadata": {
              "serial-port-enable": "1",
              "ssh-keys": "ubuntu:ssh-rsa AAAAB3NzaC1yc2EAAAADAQABAAABgQC02+WUtq/j3cZexHxxnebjELIrsOjBh7v256B7b8GjpuxcbxFnQhBry75XoqeJ2/bOgablxp9s2gbo1+mD1pS8MhISnaJbPrXrr+ZuxvXCx/YZs8nuvBqFthKvqQzg9NGKyePpbEg3xBkgmVdK5x7jRjpDdkX0J1e6XlVbXaBA+oIERAVUZU/MGnmwVsuSCdUYyzDAiEMLEEfLL+qiXSCNjwugFH0tzcPVY/yP8tHfRQSZSWFankL0IA6lYKgF3UgQltmaeUVub6mdDFnQZgcFrRnUhBizm3hb49ZSlDVkBDsE+USBOofa0wpxG7Rdyq2ztGatrVH9zJspgZ6O+NTJR+GRYLEC+iAAzpwpd0bAkU6GnaVwNh/f13rrEfeFycOb2SyvPlbzXEQFVkInsVRAKb/gAXh093RNwnBEjKVZQiNQyxcYuHnOb3vUKy3DzKa5nGIMjjtHa8g6Nx+y3gXsPOSOgge8d2Cd/fjIyl/i4rs6DwrpZHi8GsCYrM7Ekes= root@vm\n"
            },
            "name": "node1",
            "network_acceleration_type": "standard",
            "network_interface": [
              {
                "index": 0,
                "ip_address": "10.128.0.19",
                "ipv6": false,
                "ipv6_address": "",
                "mac_address": "d0:0d:19:dd:23:9d",
                "nat": true,
                "nat_ip_address": "130.193.51.161",
                "nat_ip_version": "IPV4",
                "subnet_id": "e9bqma7orelfpvs4304q"
              }
            ],
            "platform_id": "standard-v1",
            "resources": [
              {
                "core_fraction": 100,
                "cores": 4,
                "gpus": 0,
                "memory": 4
              }
            ],
            "scheduling_policy": [
              {
                "preemptible": false
              }
            ],
            "secondary_disk": [],
            "service_account_id": "",
            "status": "running",
            "timeouts": null,
            "zone": "ru-central1-a"
          },
          "private": "eyJlMmJmYjczMC1lY2FhLTExZTYtOGY4OC0zNDM2M2JjN2M0YzAiOnsiY3JlYXRlIjozMDAwMDAwMDAwMDAsImRlbGV0ZSI6MzAwMDAwMDAwMDAwLCJ1cGRhdGUiOjMwMDAwMDAwMDAwMH0sInNjaGVtYV92ZXJzaW9uIjoiMSJ9"
        },
        {
          "index_key": 1,
          "schema_version": 1,
          "attributes": {
            "allow_stopping_for_update": null,
            "boot_disk": [
              {
                "auto_delete": true,
                "device_name": "fhmdbr81pe4sckptoasg",
                "disk_id": "fhmdbr81pe4sckptoasg",
                "initialize_params": [
                  {
                    "description": "",
                    "image_id": "fd8snjpoq85qqv0mk9gi",
                    "name": "",
                    "size": 40,
                    "snapshot_id": "",
                    "type": "network-hdd"
                  }
                ],
                "mode": "READ_WRITE"
              }
            ],
            "created_at": "2023-02-24T11:01:46Z",
            "description": "",
            "folder_id": "b1g2j6tcaa0u154vu54d",
            "fqdn": "fhmo2leo151n54iunktm.auto.internal",
            "hostname": "fhmo2leo151n54iunktm",
            "id": "fhmo2leo151n54iunktm",
            "labels": null,
            "metadata": {
              "serial-port-enable": "1",
              "ssh-keys": "ubuntu:ssh-rsa AAAAB3NzaC1yc2EAAAADAQABAAABgQC02+WUtq/j3cZexHxxnebjELIrsOjBh7v256B7b8GjpuxcbxFnQhBry75XoqeJ2/bOgablxp9s2gbo1+mD1pS8MhISnaJbPrXrr+ZuxvXCx/YZs8nuvBqFthKvqQzg9NGKyePpbEg3xBkgmVdK5x7jRjpDdkX0J1e6XlVbXaBA+oIERAVUZU/MGnmwVsuSCdUYyzDAiEMLEEfLL+qiXSCNjwugFH0tzcPVY/yP8tHfRQSZSWFankL0IA6lYKgF3UgQltmaeUVub6mdDFnQZgcFrRnUhBizm3hb49ZSlDVkBDsE+USBOofa0wpxG7Rdyq2ztGatrVH9zJspgZ6O+NTJR+GRYLEC+iAAzpwpd0bAkU6GnaVwNh/f13rrEfeFycOb2SyvPlbzXEQFVkInsVRAKb/gAXh093RNwnBEjKVZQiNQyxcYuHnOb3vUKy3DzKa5nGIMjjtHa8g6Nx+y3gXsPOSOgge8d2Cd/fjIyl/i4rs6DwrpZHi8GsCYrM7Ekes= root@vm\n"
            },
            "name": "node2",
            "network_acceleration_type": "standard",
            "network_interface": [
              {
                "index": 0,
                "ip_address": "10.128.0.21",
                "ipv6": false,
                "ipv6_address": "",
                "mac_address": "d0:0d:18:15:5d:80",
                "nat": true,
                "nat_ip_address": "158.160.45.36",
                "nat_ip_version": "IPV4",
                "subnet_id": "e9bqma7orelfpvs4304q"
              }
            ],
            "platform_id": "standard-v1",
            "resources": [
              {
                "core_fraction": 100,
                "cores": 4,
                "gpus": 0,
                "memory": 4
              }
            ],
            "scheduling_policy": [
              {
                "preemptible": false
              }
            ],
            "secondary_disk": [],
            "service_account_id": "",
            "status": "running",
            "timeouts": null,
            "zone": "ru-central1-a"
          },
          "private": "eyJlMmJmYjczMC1lY2FhLTExZTYtOGY4OC0zNDM2M2JjN2M0YzAiOnsiY3JlYXRlIjozMDAwMDAwMDAwMDAsImRlbGV0ZSI6MzAwMDAwMDAwMDAwLCJ1cGRhdGUiOjMwMDAwMDAwMDAwMH0sInNjaGVtYV92ZXJzaW9uIjoiMSJ9"
        }
      ]
    }
  ]
}
